
Microsoft Visual Studio Solution File, Format Version 12.00
# Visual Studio 14
VisualStudioVersion = 14.0.25420.1
MinimumVisualStudioVersion = 10.0.40219.1
Project("{2150E333-8FDC-42A3-9474-1A3956D46DE8}") = "src", "src", "{7C859B80-749D-4038-A448-E35EC1458696}"
EndProject
Project("{2150E333-8FDC-42A3-9474-1A3956D46DE8}") = "Solution Items", "Solution Items", "{84591999-89F1-448A-93A9-560A6B346347}"
	ProjectSection(SolutionItems) = preProject
		global.json = global.json
	EndProjectSection
EndProject
Project("{8BB2217D-0F2D-49D1-97BC-3654ED321F3B}") = "HelloWorldWideWeb", "src\HelloWorldWideWeb\HelloWorldWideWeb.xproj", "{42108012-26BF-49AA-BFA0-95D4844FD91D}"
EndProject
Global
	GlobalSection(SolutionConfigurationPlatforms) = preSolution
		Debug|Any CPU = Debug|Any CPU
		Release|Any CPU = Release|Any CPU
	EndGlobalSection
	GlobalSection(ProjectConfigurationPlatforms) = postSolution
		{42108012-26BF-49AA-BFA0-95D4844FD91D}.Debug|Any CPU.ActiveCfg = Debug|Any CPU
		{42108012-26BF-49AA-BFA0-95D4844FD91D}.Debug|Any CPU.Build.0 = Debug|Any CPU
		{42108012-26BF-49AA-BFA0-95D4844FD91D}.Release|Any CPU.ActiveCfg = Release|Any CPU
		{42108012-26BF-49AA-BFA0-95D4844FD91D}.Release|Any CPU.Build.0 = Release|Any CPU
	EndGlobalSection
	GlobalSection(SolutionProperties) = preSolution
		HideSolutionNode = FALSE
	EndGlobalSection
	GlobalSection(NestedProjects) = preSolution
		{42108012-26BF-49AA-BFA0-95D4844FD91D} = {7C859B80-749D-4038-A448-E35EC1458696}
	EndGlobalSection
EndGlobal
